
Microsoft Visual Studio Solution File, Format Version 11.00
# Visual Studio 2010
Project("{2150E333-8FDC-42A3-9474-1A3956D46DE8}") = "Solution Items", "Solution Items", "{E7A154C1-1495-42F2-A003-18B97B2CA397}"
	ProjectSection(SolutionItems) = preProject
		LocalTestRun.testrunconfig = LocalTestRun.testrunconfig
		SharpCash.vsmdi = SharpCash.vsmdi
	EndProjectSection
EndProject
Project("{FAE04EC0-301F-11D3-BF4B-00C04F79EFBC}") = "SharpCash", "SharpCash\SharpCash.csproj", "{59A8EDD2-078B-403B-BE91-1E479B61E43D}"
EndProject
Project("{FAE04EC0-301F-11D3-BF4B-00C04F79EFBC}") = "SharpCashDebug", "SharpCashDebug\SharpCashDebug.csproj", "{A07B54BD-FF5E-42D3-9A49-18CD0F148E84}"
EndProject
Project("{FAE04EC0-301F-11D3-BF4B-00C04F79EFBC}") = "SharpCashEngine", "SharpCashEngine\SharpCashEngine.csproj", "{C969A904-6640-4F30-AAC8-A696E68A39D4}"
EndProject
Global
	GlobalSection(SubversionScc) = preSolution
		Svn-Managed = True
		Manager = AnkhSVN - Subversion Support for Visual Studio
	EndGlobalSection
	GlobalSection(TestCaseManagementSettings) = postSolution
		CategoryFile = SharpCash.vsmdi
	EndGlobalSection
	GlobalSection(SolutionConfigurationPlatforms) = preSolution
		Debug|Any CPU = Debug|Any CPU
		Release|Any CPU = Release|Any CPU
	EndGlobalSection
	GlobalSection(ProjectConfigurationPlatforms) = postSolution
		{59A8EDD2-078B-403B-BE91-1E479B61E43D}.Debug|Any CPU.ActiveCfg = Debug|Any CPU
		{59A8EDD2-078B-403B-BE91-1E479B61E43D}.Debug|Any CPU.Build.0 = Debug|Any CPU
		{59A8EDD2-078B-403B-BE91-1E479B61E43D}.Release|Any CPU.ActiveCfg = Release|Any CPU
		{59A8EDD2-078B-403B-BE91-1E479B61E43D}.Release|Any CPU.Build.0 = Release|Any CPU
		{A07B54BD-FF5E-42D3-9A49-18CD0F148E84}.Debug|Any CPU.ActiveCfg = Debug|Any CPU
		{A07B54BD-FF5E-42D3-9A49-18CD0F148E84}.Debug|Any CPU.Build.0 = Debug|Any CPU
		{A07B54BD-FF5E-42D3-9A49-18CD0F148E84}.Release|Any CPU.ActiveCfg = Release|Any CPU
		{A07B54BD-FF5E-42D3-9A49-18CD0F148E84}.Release|Any CPU.Build.0 = Release|Any CPU
		{C969A904-6640-4F30-AAC8-A696E68A39D4}.Debug|Any CPU.ActiveCfg = Debug|Any CPU
		{C969A904-6640-4F30-AAC8-A696E68A39D4}.Debug|Any CPU.Build.0 = Debug|Any CPU
		{C969A904-6640-4F30-AAC8-A696E68A39D4}.Release|Any CPU.ActiveCfg = Release|Any CPU
		{C969A904-6640-4F30-AAC8-A696E68A39D4}.Release|Any CPU.Build.0 = Release|Any CPU
	EndGlobalSection
	GlobalSection(SolutionProperties) = preSolution
		HideSolutionNode = FALSE
	EndGlobalSection
EndGlobal
